# This file was autogenerated by uv via the following command:
#    uv pip compile --python-version 3.13 --python-platform aarch64-apple-darwin --generate-hashes --no-deps --output-file runtime/mlx-runtime-preflight-macos-arm64-py313.lock runtime/mlx-runtime-preflight-macos-arm64-py313.in
mlx==0.29.3 \
    --hash=sha256:0ffdf1f171c903adeaa688210ba39063059b102f3dcc52a64c2200d95d237f15 \
    --hash=sha256:1bba5203ed3f785167f5b8891c2e91ede23401586b0a723bfaf815a3ed450e3d \
    --hash=sha256:30a1da8b2aeb4f4b405759b108abbbe3b4f8c5924ac3d550006509bc7bcbfc49 \
    --hash=sha256:340d46443fe0b1e5d84c1e36aa633310de70365ce79aefcaa6f618e62bd4b045 \
    --hash=sha256:6642aa0a6dc2242c024fb8274d00631a7e7ffbdcef26148afd299b877c1e6a4a \
    --hash=sha256:8449c0e7c221e38368a734a471e0c4b1a7fea072947c75e893a1ee214f208d34 \
    --hash=sha256:86c62791ce930028d75c41b88b4e3ceb58f5f2e263ff9bfacda998b0c03d9544 \
    --hash=sha256:8ead74126ffcc1ae49f3b1e0e988620ffbb059c38184f4e9390e294808e2c614 \
    --hash=sha256:ac2409a1ba79149143232a02ae5b1a201864413979a76d8f9d63107022e0dce5 \
    --hash=sha256:b2e1a249437d017a7425358420d28e641b7bc9c2650f3e013c1b1f4f239d8533 \
    --hash=sha256:c6778d023cc540a83a08caa750c9752523c24ddebd4201b2f34c9e0a2e109394 \
    --hash=sha256:cddf6bcdc561094af6b3f0706f8768ecc5216a97eb6973e838c3ac2e2fca2cc8 \
    --hash=sha256:d33bff69887fadfd85ce67b8e11318c2319984f3ad4157f871aa9d3beb9de972 \
    --hash=sha256:d59eccf6a1e1e131becc5a3910504507862da3a4e9b7bd9e73a625515d767844 \
    --hash=sha256:e217a99ece66832a2e631131df32e9feb047276b68ac59ca0ad63735842f6dd0 \
    --hash=sha256:e7d1d815be0d4a41e598bdb2992822dafd9ab0d59d4b88af760ee0b6584506b7 \
    --hash=sha256:ec0aef311fab10cb5f2c274afa6edf6c482636096a5f7886aba43676454aa462 \
    --hash=sha256:efefa29663387f9340602d4b5906881398eda12f48882a60994fd2b379848d96 \
    --hash=sha256:f09f71ee958f04824b7c7b275a1c1deb052740f5e69eccbff6672e43d9d7f890 \
    --hash=sha256:ffb3a167da52baeb05756895298a2d582b5e9b9b9364b4a454b78b824a9fa482
    # via -r runtime/mlx-runtime-preflight-macos-arm64-py313.in
mlx-lm==0.30.6 \
    --hash=sha256:807e042d7040268f1b19190b7eaefd8b2efbff5590a65460974ad4225b91dda1 \
    --hash=sha256:a7405bd581eacc4bf8209d7a6b7f23629585a0d7c6740c2a97e51fee35b3b0e1
    # via -r runtime/mlx-runtime-preflight-macos-arm64-py313.in
